
Microsoft Visual Studio Solution File, Format Version 12.00
# Visual Studio Version 17
VisualStudioVersion = 17.5.33627.172
MinimumVisualStudioVersion = 10.0.40219.1
Project("{FAE04EC0-301F-11D3-BF4B-00C04F79EFBC}") = "JwtAuthDemo", "JwtAuthDemo.csproj", "{B322C0FC-8C8E-45E5-AE6C-4E41E4A6C6DB}"
EndProject
Global
	GlobalSection(SolutionConfigurationPlatforms) = preSolution
		Debug|Any CPU = Debug|Any CPU
		Release|Any CPU = Release|Any CPU
	EndGlobalSection
	GlobalSection(ProjectConfigurationPlatforms) = postSolution
		{B322C0FC-8C8E-45E5-AE6C-4E41E4A6C6DB}.Debug|Any CPU.ActiveCfg = Debug|Any CPU
		{B322C0FC-8C8E-45E5-AE6C-4E41E4A6C6DB}.Debug|Any CPU.Build.0 = Debug|Any CPU
		{B322C0FC-8C8E-45E5-AE6C-4E41E4A6C6DB}.Release|Any CPU.ActiveCfg = Release|Any CPU
		{B322C0FC-8C8E-45E5-AE6C-4E41E4A6C6DB}.Release|Any CPU.Build.0 = Release|Any CPU
	EndGlobalSection
	GlobalSection(SolutionProperties) = preSolution
		HideSolutionNode = FALSE
	EndGlobalSection
	GlobalSection(ExtensibilityGlobals) = postSolution
		SolutionGuid = {7F276CF8-9B78-4F14-8D39-59F53C8DE736}
	EndGlobalSection
EndGlobal
